
Microsoft Visual Studio Solution File, Format Version 12.00
# Visual Studio Version 17
VisualStudioVersion = 17.14.36310.24 d17.14
MinimumVisualStudioVersion = 10.0.40219.1
Project("{FAE04EC0-301F-11D3-BF4B-00C04F79EFBC}") = "note-backend", "note-backend\note-backend.csproj", "{F2F0C8B4-2AF1-4C48-8B1E-5C45A32DA49E}"
EndProject
Global
	GlobalSection(SolutionConfigurationPlatforms) = preSolution
		Debug|Any CPU = Debug|Any CPU
		Release|Any CPU = Release|Any CPU
	EndGlobalSection
	GlobalSection(ProjectConfigurationPlatforms) = postSolution
		{F2F0C8B4-2AF1-4C48-8B1E-5C45A32DA49E}.Debug|Any CPU.ActiveCfg = Debug|Any CPU
		{F2F0C8B4-2AF1-4C48-8B1E-5C45A32DA49E}.Debug|Any CPU.Build.0 = Debug|Any CPU
		{F2F0C8B4-2AF1-4C48-8B1E-5C45A32DA49E}.Release|Any CPU.ActiveCfg = Release|Any CPU
		{F2F0C8B4-2AF1-4C48-8B1E-5C45A32DA49E}.Release|Any CPU.Build.0 = Release|Any CPU
	EndGlobalSection
	GlobalSection(SolutionProperties) = preSolution
		HideSolutionNode = FALSE
	EndGlobalSection
	GlobalSection(ExtensibilityGlobals) = postSolution
		SolutionGuid = {696CB938-B2FC-407B-996B-9A6356FB953C}
	EndGlobalSection
EndGlobal
